
Microsoft Visual Studio Solution File, Format Version 12.00
# Visual Studio 15
VisualStudioVersion = 15.0.28307.168
MinimumVisualStudioVersion = 10.0.40219.1
Project("{2150E333-8FDC-42A3-9474-1A3956D46DE8}") = "src", "src", "{E6C5D90E-131F-4654-8CC5-1B7C8D0CA463}"
EndProject
Project("{2150E333-8FDC-42A3-9474-1A3956D46DE8}") = "services", "services", "{24CCB3DD-FABE-4AF5-8067-9FC191F9B8C7}"
EndProject
Project("{2150E333-8FDC-42A3-9474-1A3956D46DE8}") = "tests", "tests", "{5BC48296-77A1-46E7-9833-CB6A1A43190B}"
EndProject
Project("{2150E333-8FDC-42A3-9474-1A3956D46DE8}") = "front-end", "front-end", "{009DD7B4-3D22-4F9E-B1AF-DB2C99835FC7}"
EndProject
Project("{2150E333-8FDC-42A3-9474-1A3956D46DE8}") = "deployment", "deployment", "{CD25551D-D9F4-4823-B882-BC117AC7CCE1}"
EndProject
Project("{2150E333-8FDC-42A3-9474-1A3956D46DE8}") = "commands", "commands", "{A82DD330-754E-45DC-9E89-64621948D773}"
EndProject
Project("{2150E333-8FDC-42A3-9474-1A3956D46DE8}") = "dbScripts", "dbScripts", "{DDDD78D3-C787-4CB6-BA6C-0417B6295DAD}"
EndProject
Project("{2150E333-8FDC-42A3-9474-1A3956D46DE8}") = "users", "users", "{5CF14FA0-E481-4B6F-BF23-99EB469CEA39}"
EndProject
Project("{2150E333-8FDC-42A3-9474-1A3956D46DE8}") = "dashboard", "dashboard", "{1F890AE1-F91A-4F83-9046-8557EA8179B9}"
EndProject
Project("{2150E333-8FDC-42A3-9474-1A3956D46DE8}") = "shopLicense", "shopLicense", "{C9D05D64-02B3-4766-B5A5-FDC1E496C852}"
EndProject
Project("{2150E333-8FDC-42A3-9474-1A3956D46DE8}") = "print", "print", "{A3B99899-A8FF-4405-BEE7-2235C0C6FE3B}"
EndProject
Project("{2150E333-8FDC-42A3-9474-1A3956D46DE8}") = "sadad", "sadad", "{9E423587-1F21-40C6-94E2-670C6FC1DCF7}"
EndProject
Project("{2150E333-8FDC-42A3-9474-1A3956D46DE8}") = "buildingLicense", "buildingLicense", "{2D9842D1-8EF4-4662-8448-99A56252EE02}"
EndProject
Project("{2150E333-8FDC-42A3-9474-1A3956D46DE8}") = "shop-license-app", "shop-license-app", "{BE81DE77-1E9C-4586-8FFB-690D6FAEEF2B}"
EndProject
Project("{2150E333-8FDC-42A3-9474-1A3956D46DE8}") = "print-app", "print-app", "{2833CE26-8FD3-43DC-B433-2C6849174875}"
EndProject
Project("{2150E333-8FDC-42A3-9474-1A3956D46DE8}") = "building-license-app", "building-license-app", "{392EA60E-0376-43F3-97AA-3852E1D44DB8}"
EndProject
Project("{2150E333-8FDC-42A3-9474-1A3956D46DE8}") = "users-app", "users-app", "{912B945E-0369-4F91-B96F-8F368AFEFDB1}"
EndProject
Project("{FAE04EC0-301F-11D3-BF4B-00C04F79EFBC}") = "Users.DAL", "src\services\users\Users.DAL\Users.DAL.csproj", "{5C8AF778-D50A-489A-9C8E-9EA62546F2C1}"
EndProject
Project("{FAE04EC0-301F-11D3-BF4B-00C04F79EFBC}") = "Users.BL", "src\services\users\Users.BL\Users.BL.csproj", "{9C9620E9-2B39-47B8-8C02-C15258A92DA9}"
EndProject
Project("{FAE04EC0-301F-11D3-BF4B-00C04F79EFBC}") = "Users.Model", "src\services\users\Users.Model\Users.Model.csproj", "{E63C4EBA-FAD7-4E6E-89FE-AC29FC4A86D5}"
EndProject
Project("{2150E333-8FDC-42A3-9474-1A3956D46DE8}") = "common", "common", "{A0CC4AA5-B922-48A9-8733-69A975618789}"
EndProject
Project("{9A19103F-16F7-4668-BE54-9A1E7A4F7556}") = "Common.Helpers", "src\common\Common.Helpers\Common.Helpers.csproj", "{7912D5A5-1017-4C80-B855-6B11D3EBDE1E}"
EndProject
Project("{9A19103F-16F7-4668-BE54-9A1E7A4F7556}") = "Common.Messaging", "src\common\Common.Messaging\Common.Messaging.csproj", "{1439BFE3-F4BB-4C07-AC69-C6EABD7A1D23}"
EndProject
Project("{FAE04EC0-301F-11D3-BF4B-00C04F79EFBC}") = "ShopLicense.DAL", "src\services\shopLicense\ShopLicense.DAL\ShopLicense.DAL.csproj", "{784FE4B5-DEE1-49EB-9665-F0E26D2BBF48}"
EndProject
Project("{FAE04EC0-301F-11D3-BF4B-00C04F79EFBC}") = "ShopLicense.Model", "src\services\shopLicense\ShopLicense.Model\ShopLicense.Model.csproj", "{A6D4EA3E-87AB-4701-8029-67219630216B}"
EndProject
Project("{FAE04EC0-301F-11D3-BF4B-00C04F79EFBC}") = "ShopLicense.Service", "src\services\shopLicense\ShopLicense.Service\ShopLicense.Service.csproj", "{5DE0C50F-3A16-4D27-8282-6C31CF540456}"
EndProject
Project("{FAE04EC0-301F-11D3-BF4B-00C04F79EFBC}") = "Users.Service", "src\services\users\Users.Service\Users.Service.csproj", "{58D21602-CAD9-48C6-9F49-08CFB9BA1651}"
EndProject
Project("{2150E333-8FDC-42A3-9474-1A3956D46DE8}") = "dashboard-app", "dashboard-app", "{2C67AC9F-C4D1-4D2F-9F93-F567D66D5881}"
EndProject
Project("{2150E333-8FDC-42A3-9474-1A3956D46DE8}") = "unitTests", "unitTests", "{DEC78809-18B0-4947-B000-62EA1A1EC6B3}"
EndProject
Project("{2150E333-8FDC-42A3-9474-1A3956D46DE8}") = "integrationTests", "integrationTests", "{03E935DB-9AE7-45BC-BD48-9DDF9F31C02A}"
EndProject
Project("{FAE04EC0-301F-11D3-BF4B-00C04F79EFBC}") = "ShopLicense.BL", "src\services\shopLicense\ShopLicense.BL\ShopLicense.BL.csproj", "{377A65D1-123B-459C-B8D8-0A8AB610BA36}"
EndProject
Global
	GlobalSection(SolutionConfigurationPlatforms) = preSolution
		Debug|Any CPU = Debug|Any CPU
		Release|Any CPU = Release|Any CPU
	EndGlobalSection
	GlobalSection(ProjectConfigurationPlatforms) = postSolution
		{5C8AF778-D50A-489A-9C8E-9EA62546F2C1}.Debug|Any CPU.ActiveCfg = Debug|Any CPU
		{5C8AF778-D50A-489A-9C8E-9EA62546F2C1}.Debug|Any CPU.Build.0 = Debug|Any CPU
		{5C8AF778-D50A-489A-9C8E-9EA62546F2C1}.Release|Any CPU.ActiveCfg = Release|Any CPU
		{5C8AF778-D50A-489A-9C8E-9EA62546F2C1}.Release|Any CPU.Build.0 = Release|Any CPU
		{9C9620E9-2B39-47B8-8C02-C15258A92DA9}.Debug|Any CPU.ActiveCfg = Debug|Any CPU
		{9C9620E9-2B39-47B8-8C02-C15258A92DA9}.Debug|Any CPU.Build.0 = Debug|Any CPU
		{9C9620E9-2B39-47B8-8C02-C15258A92DA9}.Release|Any CPU.ActiveCfg = Release|Any CPU
		{9C9620E9-2B39-47B8-8C02-C15258A92DA9}.Release|Any CPU.Build.0 = Release|Any CPU
		{E63C4EBA-FAD7-4E6E-89FE-AC29FC4A86D5}.Debug|Any CPU.ActiveCfg = Debug|Any CPU
		{E63C4EBA-FAD7-4E6E-89FE-AC29FC4A86D5}.Debug|Any CPU.Build.0 = Debug|Any CPU
		{E63C4EBA-FAD7-4E6E-89FE-AC29FC4A86D5}.Release|Any CPU.ActiveCfg = Release|Any CPU
		{E63C4EBA-FAD7-4E6E-89FE-AC29FC4A86D5}.Release|Any CPU.Build.0 = Release|Any CPU
		{7912D5A5-1017-4C80-B855-6B11D3EBDE1E}.Debug|Any CPU.ActiveCfg = Debug|Any CPU
		{7912D5A5-1017-4C80-B855-6B11D3EBDE1E}.Debug|Any CPU.Build.0 = Debug|Any CPU
		{7912D5A5-1017-4C80-B855-6B11D3EBDE1E}.Release|Any CPU.ActiveCfg = Release|Any CPU
		{7912D5A5-1017-4C80-B855-6B11D3EBDE1E}.Release|Any CPU.Build.0 = Release|Any CPU
		{1439BFE3-F4BB-4C07-AC69-C6EABD7A1D23}.Debug|Any CPU.ActiveCfg = Debug|Any CPU
		{1439BFE3-F4BB-4C07-AC69-C6EABD7A1D23}.Debug|Any CPU.Build.0 = Debug|Any CPU
		{1439BFE3-F4BB-4C07-AC69-C6EABD7A1D23}.Release|Any CPU.ActiveCfg = Release|Any CPU
		{1439BFE3-F4BB-4C07-AC69-C6EABD7A1D23}.Release|Any CPU.Build.0 = Release|Any CPU
		{784FE4B5-DEE1-49EB-9665-F0E26D2BBF48}.Debug|Any CPU.ActiveCfg = Debug|Any CPU
		{784FE4B5-DEE1-49EB-9665-F0E26D2BBF48}.Debug|Any CPU.Build.0 = Debug|Any CPU
		{784FE4B5-DEE1-49EB-9665-F0E26D2BBF48}.Release|Any CPU.ActiveCfg = Release|Any CPU
		{784FE4B5-DEE1-49EB-9665-F0E26D2BBF48}.Release|Any CPU.Build.0 = Release|Any CPU
		{A6D4EA3E-87AB-4701-8029-67219630216B}.Debug|Any CPU.ActiveCfg = Debug|Any CPU
		{A6D4EA3E-87AB-4701-8029-67219630216B}.Debug|Any CPU.Build.0 = Debug|Any CPU
		{A6D4EA3E-87AB-4701-8029-67219630216B}.Release|Any CPU.ActiveCfg = Release|Any CPU
		{A6D4EA3E-87AB-4701-8029-67219630216B}.Release|Any CPU.Build.0 = Release|Any CPU
		{5DE0C50F-3A16-4D27-8282-6C31CF540456}.Debug|Any CPU.ActiveCfg = Debug|Any CPU
		{5DE0C50F-3A16-4D27-8282-6C31CF540456}.Debug|Any CPU.Build.0 = Debug|Any CPU
		{5DE0C50F-3A16-4D27-8282-6C31CF540456}.Release|Any CPU.ActiveCfg = Release|Any CPU
		{5DE0C50F-3A16-4D27-8282-6C31CF540456}.Release|Any CPU.Build.0 = Release|Any CPU
		{58D21602-CAD9-48C6-9F49-08CFB9BA1651}.Debug|Any CPU.ActiveCfg = Debug|Any CPU
		{58D21602-CAD9-48C6-9F49-08CFB9BA1651}.Debug|Any CPU.Build.0 = Debug|Any CPU
		{58D21602-CAD9-48C6-9F49-08CFB9BA1651}.Release|Any CPU.ActiveCfg = Release|Any CPU
		{58D21602-CAD9-48C6-9F49-08CFB9BA1651}.Release|Any CPU.Build.0 = Release|Any CPU
		{377A65D1-123B-459C-B8D8-0A8AB610BA36}.Debug|Any CPU.ActiveCfg = Debug|Any CPU
		{377A65D1-123B-459C-B8D8-0A8AB610BA36}.Debug|Any CPU.Build.0 = Debug|Any CPU
		{377A65D1-123B-459C-B8D8-0A8AB610BA36}.Release|Any CPU.ActiveCfg = Release|Any CPU
		{377A65D1-123B-459C-B8D8-0A8AB610BA36}.Release|Any CPU.Build.0 = Release|Any CPU
	EndGlobalSection
	GlobalSection(SolutionProperties) = preSolution
		HideSolutionNode = FALSE
	EndGlobalSection
	GlobalSection(NestedProjects) = preSolution
		{24CCB3DD-FABE-4AF5-8067-9FC191F9B8C7} = {E6C5D90E-131F-4654-8CC5-1B7C8D0CA463}
		{009DD7B4-3D22-4F9E-B1AF-DB2C99835FC7} = {E6C5D90E-131F-4654-8CC5-1B7C8D0CA463}
		{A82DD330-754E-45DC-9E89-64621948D773} = {CD25551D-D9F4-4823-B882-BC117AC7CCE1}
		{DDDD78D3-C787-4CB6-BA6C-0417B6295DAD} = {CD25551D-D9F4-4823-B882-BC117AC7CCE1}
		{5CF14FA0-E481-4B6F-BF23-99EB469CEA39} = {24CCB3DD-FABE-4AF5-8067-9FC191F9B8C7}
		{1F890AE1-F91A-4F83-9046-8557EA8179B9} = {24CCB3DD-FABE-4AF5-8067-9FC191F9B8C7}
		{C9D05D64-02B3-4766-B5A5-FDC1E496C852} = {24CCB3DD-FABE-4AF5-8067-9FC191F9B8C7}
		{A3B99899-A8FF-4405-BEE7-2235C0C6FE3B} = {24CCB3DD-FABE-4AF5-8067-9FC191F9B8C7}
		{9E423587-1F21-40C6-94E2-670C6FC1DCF7} = {24CCB3DD-FABE-4AF5-8067-9FC191F9B8C7}
		{2D9842D1-8EF4-4662-8448-99A56252EE02} = {24CCB3DD-FABE-4AF5-8067-9FC191F9B8C7}
		{BE81DE77-1E9C-4586-8FFB-690D6FAEEF2B} = {009DD7B4-3D22-4F9E-B1AF-DB2C99835FC7}
		{2833CE26-8FD3-43DC-B433-2C6849174875} = {009DD7B4-3D22-4F9E-B1AF-DB2C99835FC7}
		{392EA60E-0376-43F3-97AA-3852E1D44DB8} = {009DD7B4-3D22-4F9E-B1AF-DB2C99835FC7}
		{912B945E-0369-4F91-B96F-8F368AFEFDB1} = {009DD7B4-3D22-4F9E-B1AF-DB2C99835FC7}
		{5C8AF778-D50A-489A-9C8E-9EA62546F2C1} = {5CF14FA0-E481-4B6F-BF23-99EB469CEA39}
		{9C9620E9-2B39-47B8-8C02-C15258A92DA9} = {5CF14FA0-E481-4B6F-BF23-99EB469CEA39}
		{E63C4EBA-FAD7-4E6E-89FE-AC29FC4A86D5} = {5CF14FA0-E481-4B6F-BF23-99EB469CEA39}
		{A0CC4AA5-B922-48A9-8733-69A975618789} = {E6C5D90E-131F-4654-8CC5-1B7C8D0CA463}
		{7912D5A5-1017-4C80-B855-6B11D3EBDE1E} = {A0CC4AA5-B922-48A9-8733-69A975618789}
		{1439BFE3-F4BB-4C07-AC69-C6EABD7A1D23} = {A0CC4AA5-B922-48A9-8733-69A975618789}
		{784FE4B5-DEE1-49EB-9665-F0E26D2BBF48} = {C9D05D64-02B3-4766-B5A5-FDC1E496C852}
		{A6D4EA3E-87AB-4701-8029-67219630216B} = {C9D05D64-02B3-4766-B5A5-FDC1E496C852}
		{5DE0C50F-3A16-4D27-8282-6C31CF540456} = {C9D05D64-02B3-4766-B5A5-FDC1E496C852}
		{58D21602-CAD9-48C6-9F49-08CFB9BA1651} = {5CF14FA0-E481-4B6F-BF23-99EB469CEA39}
		{2C67AC9F-C4D1-4D2F-9F93-F567D66D5881} = {009DD7B4-3D22-4F9E-B1AF-DB2C99835FC7}
		{DEC78809-18B0-4947-B000-62EA1A1EC6B3} = {5BC48296-77A1-46E7-9833-CB6A1A43190B}
		{03E935DB-9AE7-45BC-BD48-9DDF9F31C02A} = {5BC48296-77A1-46E7-9833-CB6A1A43190B}
		{377A65D1-123B-459C-B8D8-0A8AB610BA36} = {C9D05D64-02B3-4766-B5A5-FDC1E496C852}
	EndGlobalSection
	GlobalSection(ExtensibilityGlobals) = postSolution
		SolutionGuid = {F82390AA-F98A-44BE-98A4-7D4CD2CB2871}
	EndGlobalSection
EndGlobal
